
Microsoft Visual Studio Solution File, Format Version 12.00
# Visual Studio Version 17
VisualStudioVersion = 17.5.002.0
MinimumVisualStudioVersion = 10.0.40219.1
Project("{9A19103F-16F7-4668-BE54-9A1E7A4F7556}") = "console", "console.csproj", "{1B2BB2AD-B76D-4981-AA3C-A11C5C9F7132}"
EndProject
Project("{FAE04EC0-301F-11D3-BF4B-00C04F79EFBC}") = "services", "..\services\services.csproj", "{BA1405F6-AF6D-4B61-8C7C-6429280C14C8}"
EndProject
Project("{FAE04EC0-301F-11D3-BF4B-00C04F79EFBC}") = "data", "..\data\data.csproj", "{07E757D7-4EEB-4533-A780-8B86C63209EE}"
EndProject
Project("{FAE04EC0-301F-11D3-BF4B-00C04F79EFBC}") = "webapi", "..\webapi\webapi.csproj", "{38A81115-8969-4832-9653-51512816CFF4}"
EndProject
Project("{FAE04EC0-301F-11D3-BF4B-00C04F79EFBC}") = "data-test", "..\data-test\data-test.csproj", "{64F96B67-EDC6-4477-A71E-B4BC08AE164C}"
EndProject
Global
	GlobalSection(SolutionConfigurationPlatforms) = preSolution
		Debug|Any CPU = Debug|Any CPU
		Release|Any CPU = Release|Any CPU
	EndGlobalSection
	GlobalSection(ProjectConfigurationPlatforms) = postSolution
		{1B2BB2AD-B76D-4981-AA3C-A11C5C9F7132}.Debug|Any CPU.ActiveCfg = Debug|Any CPU
		{1B2BB2AD-B76D-4981-AA3C-A11C5C9F7132}.Debug|Any CPU.Build.0 = Debug|Any CPU
		{1B2BB2AD-B76D-4981-AA3C-A11C5C9F7132}.Release|Any CPU.ActiveCfg = Release|Any CPU
		{1B2BB2AD-B76D-4981-AA3C-A11C5C9F7132}.Release|Any CPU.Build.0 = Release|Any CPU
		{BA1405F6-AF6D-4B61-8C7C-6429280C14C8}.Debug|Any CPU.ActiveCfg = Debug|Any CPU
		{BA1405F6-AF6D-4B61-8C7C-6429280C14C8}.Debug|Any CPU.Build.0 = Debug|Any CPU
		{BA1405F6-AF6D-4B61-8C7C-6429280C14C8}.Release|Any CPU.ActiveCfg = Release|Any CPU
		{BA1405F6-AF6D-4B61-8C7C-6429280C14C8}.Release|Any CPU.Build.0 = Release|Any CPU
		{07E757D7-4EEB-4533-A780-8B86C63209EE}.Debug|Any CPU.ActiveCfg = Debug|Any CPU
		{07E757D7-4EEB-4533-A780-8B86C63209EE}.Debug|Any CPU.Build.0 = Debug|Any CPU
		{07E757D7-4EEB-4533-A780-8B86C63209EE}.Release|Any CPU.ActiveCfg = Release|Any CPU
		{07E757D7-4EEB-4533-A780-8B86C63209EE}.Release|Any CPU.Build.0 = Release|Any CPU
		{38A81115-8969-4832-9653-51512816CFF4}.Debug|Any CPU.ActiveCfg = Debug|Any CPU
		{38A81115-8969-4832-9653-51512816CFF4}.Debug|Any CPU.Build.0 = Debug|Any CPU
		{38A81115-8969-4832-9653-51512816CFF4}.Release|Any CPU.ActiveCfg = Release|Any CPU
		{38A81115-8969-4832-9653-51512816CFF4}.Release|Any CPU.Build.0 = Release|Any CPU
		{64F96B67-EDC6-4477-A71E-B4BC08AE164C}.Debug|Any CPU.ActiveCfg = Debug|Any CPU
		{64F96B67-EDC6-4477-A71E-B4BC08AE164C}.Debug|Any CPU.Build.0 = Debug|Any CPU
		{64F96B67-EDC6-4477-A71E-B4BC08AE164C}.Release|Any CPU.ActiveCfg = Release|Any CPU
		{64F96B67-EDC6-4477-A71E-B4BC08AE164C}.Release|Any CPU.Build.0 = Release|Any CPU
	EndGlobalSection
	GlobalSection(SolutionProperties) = preSolution
		HideSolutionNode = FALSE
	EndGlobalSection
	GlobalSection(ExtensibilityGlobals) = postSolution
		SolutionGuid = {FC58353E-542E-4274-9B1E-A3E49621928A}
	EndGlobalSection
EndGlobal
